// !$*UTF8*$!
{
	archiveVersion = 1;
	classes = {
	};
	objectVersion = 56;
	objects = {

/* Begin PBXBuildFile section */
		03B03308527741A878637791 /* Pods_shieldAppTests.framework in Frameworks */ = {isa = PBXBuildFile; fileRef = 38F8B595AA07C56D72968102 /* Pods_shieldAppTests.framework */; };
		66CB5E5890E340B207A1E99D /* Pods_ShieldConfiguration_.framework in Frameworks */ = {isa = PBXBuildFile; fileRef = 08FAF2833D2B0A50D2A35CC5 /* Pods_ShieldConfiguration_.framework */; };
		9C0D8D552C53C11600613872 /* TimerViewModel.swift in Sources */ = {isa = PBXBuildFile; fileRef = 9C0D8D542C53C11600613872 /* TimerViewModel.swift */; };
		9C0D8D572C53C12200613872 /* TimerView.swift in Sources */ = {isa = PBXBuildFile; fileRef = 9C0D8D562C53C12200613872 /* TimerView.swift */; };
		9C0D8D592C53C16D00613872 /* IconAndTextView.swift in Sources */ = {isa = PBXBuildFile; fileRef = 9C0D8D582C53C16D00613872 /* IconAndTextView.swift */; };
		9C0D8D612C619B8100613872 /* FinishModal.swift in Sources */ = {isa = PBXBuildFile; fileRef = 9C0D8D602C619B8100613872 /* FinishModal.swift */; };
		9C0D8D642C68F94000613872 /* Color+.swift in Sources */ = {isa = PBXBuildFile; fileRef = 9C0D8D632C68F94000613872 /* Color+.swift */; };
		9C0D8D6C2C69043500613872 /* ManagedSettings.framework in Frameworks */ = {isa = PBXBuildFile; fileRef = 9C0D8D6B2C69043500613872 /* ManagedSettings.framework */; };
		9C0D8D6E2C69043500613872 /* ManagedSettingsUI.framework in Frameworks */ = {isa = PBXBuildFile; fileRef = 9C0D8D6D2C69043500613872 /* ManagedSettingsUI.framework */; };
		9C0D8D712C69043500613872 /* ShieldConfigurationExtension.swift in Sources */ = {isa = PBXBuildFile; fileRef = 9C0D8D702C69043500613872 /* ShieldConfigurationExtension.swift */; };
		9C0D8D762C69043500613872 /* ShieldConfiguration+.appex in Embed Foundation Extensions */ = {isa = PBXBuildFile; fileRef = 9C0D8D692C69043500613872 /* ShieldConfiguration+.appex */; settings = {ATTRIBUTES = (RemoveHeadersOnCopy, ); }; };
		9C0D8D7C2C6980DD00613872 /* ThemeColorButton.swift in Sources */ = {isa = PBXBuildFile; fileRef = 9C0D8D7B2C6980DD00613872 /* ThemeColorButton.swift */; };
		9C0D8D7E2C6A0EEF00613872 /* WorkLogMonitor.swift in Sources */ = {isa = PBXBuildFile; fileRef = 9C0D8D7D2C6A0EEF00613872 /* WorkLogMonitor.swift */; };
		9C0FD2C22C46AABB00A63319 /* FinishView.swift in Sources */ = {isa = PBXBuildFile; fileRef = 9C0FD2C12C46AABA00A63319 /* FinishView.swift */; };
		9C1424CE2C4FF09B005E873E /* StarRating.swift in Sources */ = {isa = PBXBuildFile; fileRef = 9C1424CD2C4FF09B005E873E /* StarRating.swift */; };
		9C2835A62C701AB0002F8BBF /* BannerView.swift in Sources */ = {isa = PBXBuildFile; fileRef = 9C2835A52C701AB0002F8BBF /* BannerView.swift */; };
		9C2835A82C701BA3002F8BBF /* .env in Resources */ = {isa = PBXBuildFile; fileRef = 9C2835A72C701BA3002F8BBF /* .env */; };
		9C2835AD2C70C711002F8BBF /* LoadEnv.swift in Sources */ = {isa = PBXBuildFile; fileRef = 9C2835AC2C70C711002F8BBF /* LoadEnv.swift */; };
		9C2835AF2C70C841002F8BBF /* AppConst.swift in Sources */ = {isa = PBXBuildFile; fileRef = 9C2835AE2C70C841002F8BBF /* AppConst.swift */; };
		9C3E11B22C7559810061C952 /* PageControl.swift in Sources */ = {isa = PBXBuildFile; fileRef = 9C3E11B12C7559810061C952 /* PageControl.swift */; };
		9C3E11B42C7559A20061C952 /* PageView.swift in Sources */ = {isa = PBXBuildFile; fileRef = 9C3E11B32C7559A20061C952 /* PageView.swift */; };
		9C3E11B62C7559C70061C952 /* PageViewController.swift in Sources */ = {isa = PBXBuildFile; fileRef = 9C3E11B52C7559C70061C952 /* PageViewController.swift */; };
		9C3E11B82C7559E00061C952 /* TutorialView.swift in Sources */ = {isa = PBXBuildFile; fileRef = 9C3E11B72C7559E00061C952 /* TutorialView.swift */; };
		9C3E11BA2C755A430061C952 /* ShowTutorialView.swift in Sources */ = {isa = PBXBuildFile; fileRef = 9C3E11B92C755A430061C952 /* ShowTutorialView.swift */; };
		9C3F9EFD2C41739C00F9F8B0 /* QuickBlockView.swift in Sources */ = {isa = PBXBuildFile; fileRef = 9C3F9EFC2C41739C00F9F8B0 /* QuickBlockView.swift */; };
		9C3F9EFF2C41F64500F9F8B0 /* RootView.swift in Sources */ = {isa = PBXBuildFile; fileRef = 9C3F9EFE2C41F64500F9F8B0 /* RootView.swift */; };
		9C3F9F012C46A41600F9F8B0 /* FamilyControlPermissionView.swift in Sources */ = {isa = PBXBuildFile; fileRef = 9C3F9F002C46A41600F9F8B0 /* FamilyControlPermissionView.swift */; };
		9CAE61BF2C91DD4500ED1354 /* SelectTimeWheelView.swift in Sources */ = {isa = PBXBuildFile; fileRef = 9CAE61BE2C91DD4500ED1354 /* SelectTimeWheelView.swift */; };
		9CAE61C12C91DDA900ED1354 /* StudyData.swift in Sources */ = {isa = PBXBuildFile; fileRef = 9CAE61C02C91DDA900ED1354 /* StudyData.swift */; };
		9CAE61C52CA31AFC00ED1354 /* RecordEntryView.swift in Sources */ = {isa = PBXBuildFile; fileRef = 9CAE61C42CA31AFC00ED1354 /* RecordEntryView.swift */; };
		9CAE61C72CA31DD900ED1354 /* StudyRecord.swift in Sources */ = {isa = PBXBuildFile; fileRef = 9CAE61C62CA31DD900ED1354 /* StudyRecord.swift */; };
		9CAE61C92CA31F1900ED1354 /* StudyRecordListView.swift in Sources */ = {isa = PBXBuildFile; fileRef = 9CAE61C82CA31F1900ED1354 /* StudyRecordListView.swift */; };
		9CAE61CE2CABDA8200ED1354 /* Date+.swift in Sources */ = {isa = PBXBuildFile; fileRef = 9CAE61CD2CABDA8200ED1354 /* Date+.swift */; };
		9CAE61D82CAFCFE400ED1354 /* StudyTimeGraphView.swift in Sources */ = {isa = PBXBuildFile; fileRef = 9CAE61D72CAFCFE300ED1354 /* StudyTimeGraphView.swift */; };
		9CAE61DA2CB1676500ED1354 /* StudyTimeViewModel.swift in Sources */ = {isa = PBXBuildFile; fileRef = 9CAE61D92CB1676500ED1354 /* StudyTimeViewModel.swift */; };
		9CAE61DC2CB6EA8700ED1354 /* MainTabView.swift in Sources */ = {isa = PBXBuildFile; fileRef = 9CAE61DB2CB6EA8700ED1354 /* MainTabView.swift */; };
		9CAE61DE2CBD832C00ED1354 /* StudyRecordListViewModel.swift in Sources */ = {isa = PBXBuildFile; fileRef = 9CAE61DD2CBD832C00ED1354 /* StudyRecordListViewModel.swift */; };
		9CBBFBBB2C3AD6E000807F3E /* shieldAppApp.swift in Sources */ = {isa = PBXBuildFile; fileRef = 9CBBFBBA2C3AD6E000807F3E /* shieldAppApp.swift */; };
		9CBBFBBD2C3AD6E000807F3E /* ContentView.swift in Sources */ = {isa = PBXBuildFile; fileRef = 9CBBFBBC2C3AD6E000807F3E /* ContentView.swift */; };
		9CBBFBBF2C3AD6E200807F3E /* Assets.xcassets in Resources */ = {isa = PBXBuildFile; fileRef = 9CBBFBBE2C3AD6E200807F3E /* Assets.xcassets */; };
		9CBBFBC32C3AD6E200807F3E /* Preview Assets.xcassets in Resources */ = {isa = PBXBuildFile; fileRef = 9CBBFBC22C3AD6E200807F3E /* Preview Assets.xcassets */; };
		9CBBFBCD2C3AD6E200807F3E /* shieldAppTests.swift in Sources */ = {isa = PBXBuildFile; fileRef = 9CBBFBCC2C3AD6E200807F3E /* shieldAppTests.swift */; };
		9CBBFBD72C3AD6E200807F3E /* shieldAppUITests.swift in Sources */ = {isa = PBXBuildFile; fileRef = 9CBBFBD62C3AD6E200807F3E /* shieldAppUITests.swift */; };
		9CBBFBD92C3AD6E200807F3E /* shieldAppUITestsLaunchTests.swift in Sources */ = {isa = PBXBuildFile; fileRef = 9CBBFBD82C3AD6E200807F3E /* shieldAppUITestsLaunchTests.swift */; };
		9CBBFBE62C3AD70700807F3E /* BlockTimeView.swift in Sources */ = {isa = PBXBuildFile; fileRef = 9CBBFBE52C3AD70700807F3E /* BlockTimeView.swift */; };
		9CC4E4132C4B662F0019D357 /* ViewController.swift in Sources */ = {isa = PBXBuildFile; fileRef = 9CC4E4122C4B662F0019D357 /* ViewController.swift */; };
		9CC4E4152C4B669D0019D357 /* ViewControllerRepresentable.swift in Sources */ = {isa = PBXBuildFile; fileRef = 9CC4E4142C4B669D0019D357 /* ViewControllerRepresentable.swift */; };
		9CC4E4172C4B6A200019D357 /* FormWebView.swift in Sources */ = {isa = PBXBuildFile; fileRef = 9CC4E4162C4B6A200019D357 /* FormWebView.swift */; };
		9CC4E42B2C4CFBDD0019D357 /* DataModel.swift in Sources */ = {isa = PBXBuildFile; fileRef = 9CC4E42A2C4CFBDD0019D357 /* DataModel.swift */; };
		A087956DC45F75F496DFA2D5 /* Pods_shieldApp_shieldAppUITests.framework in Frameworks */ = {isa = PBXBuildFile; fileRef = A807BEDD661554002DE861CA /* Pods_shieldApp_shieldAppUITests.framework */; };
		B412297F3CEA69C0B2A55B30 /* Pods_shieldApp.framework in Frameworks */ = {isa = PBXBuildFile; fileRef = 999E7DC1E6DE2B3F70794CFB /* Pods_shieldApp.framework */; };
/* End PBXBuildFile section */

/* Begin PBXContainerItemProxy section */
		9C0D8D742C69043500613872 /* PBXContainerItemProxy */ = {
			isa = PBXContainerItemProxy;
			containerPortal = 9CBBFBAF2C3AD6E000807F3E /* Project object */;
			proxyType = 1;
			remoteGlobalIDString = 9C0D8D682C69043500613872;
			remoteInfo = "ShieldConfiguration+";
		};
		9CBBFBC92C3AD6E200807F3E /* PBXContainerItemProxy */ = {
			isa = PBXContainerItemProxy;
			containerPortal = 9CBBFBAF2C3AD6E000807F3E /* Project object */;
			proxyType = 1;
			remoteGlobalIDString = 9CBBFBB62C3AD6E000807F3E;
			remoteInfo = shieldApp;
		};
		9CBBFBD32C3AD6E200807F3E /* PBXContainerItemProxy */ = {
			isa = PBXContainerItemProxy;
			containerPortal = 9CBBFBAF2C3AD6E000807F3E /* Project object */;
			proxyType = 1;
			remoteGlobalIDString = 9CBBFBB62C3AD6E000807F3E;
			remoteInfo = shieldApp;
		};
/* End PBXContainerItemProxy section */

/* Begin PBXCopyFilesBuildPhase section */
		9C0D8D7A2C69043500613872 /* Embed Foundation Extensions */ = {
			isa = PBXCopyFilesBuildPhase;
			buildActionMask = 2147483647;
			dstPath = "";
			dstSubfolderSpec = 13;
			files = (
				9C0D8D762C69043500613872 /* ShieldConfiguration+.appex in Embed Foundation Extensions */,
			);
			name = "Embed Foundation Extensions";
			runOnlyForDeploymentPostprocessing = 0;
		};
/* End PBXCopyFilesBuildPhase section */

/* Begin PBXFileReference section */
		08FAF2833D2B0A50D2A35CC5 /* Pods_ShieldConfiguration_.framework */ = {isa = PBXFileReference; explicitFileType = wrapper.framework; includeInIndex = 0; path = Pods_ShieldConfiguration_.framework; sourceTree = BUILT_PRODUCTS_DIR; };
		0D4A966E4638053F2979ECC5 /* Pods-shieldApp.debug.xcconfig */ = {isa = PBXFileReference; includeInIndex = 1; lastKnownFileType = text.xcconfig; name = "Pods-shieldApp.debug.xcconfig"; path = "Target Support Files/Pods-shieldApp/Pods-shieldApp.debug.xcconfig"; sourceTree = "<group>"; };
		3585C7615F29F86E3B64B154 /* Pods-shieldAppTests.debug.xcconfig */ = {isa = PBXFileReference; includeInIndex = 1; lastKnownFileType = text.xcconfig; name = "Pods-shieldAppTests.debug.xcconfig"; path = "Target Support Files/Pods-shieldAppTests/Pods-shieldAppTests.debug.xcconfig"; sourceTree = "<group>"; };
		35FB80F6826EAA919F180127 /* Pods-shieldApp-shieldAppUITests.release.xcconfig */ = {isa = PBXFileReference; includeInIndex = 1; lastKnownFileType = text.xcconfig; name = "Pods-shieldApp-shieldAppUITests.release.xcconfig"; path = "Target Support Files/Pods-shieldApp-shieldAppUITests/Pods-shieldApp-shieldAppUITests.release.xcconfig"; sourceTree = "<group>"; };
		38F8B595AA07C56D72968102 /* Pods_shieldAppTests.framework */ = {isa = PBXFileReference; explicitFileType = wrapper.framework; includeInIndex = 0; path = Pods_shieldAppTests.framework; sourceTree = BUILT_PRODUCTS_DIR; };
		8D8A161D31B4451901E9C82D /* Pods-shieldAppTests.release.xcconfig */ = {isa = PBXFileReference; includeInIndex = 1; lastKnownFileType = text.xcconfig; name = "Pods-shieldAppTests.release.xcconfig"; path = "Target Support Files/Pods-shieldAppTests/Pods-shieldAppTests.release.xcconfig"; sourceTree = "<group>"; };
		999E7DC1E6DE2B3F70794CFB /* Pods_shieldApp.framework */ = {isa = PBXFileReference; explicitFileType = wrapper.framework; includeInIndex = 0; path = Pods_shieldApp.framework; sourceTree = BUILT_PRODUCTS_DIR; };
		9BE85F48E32C758D5B42C312 /* Pods-shieldApp.release.xcconfig */ = {isa = PBXFileReference; includeInIndex = 1; lastKnownFileType = text.xcconfig; name = "Pods-shieldApp.release.xcconfig"; path = "Target Support Files/Pods-shieldApp/Pods-shieldApp.release.xcconfig"; sourceTree = "<group>"; };
		9C0D8D542C53C11600613872 /* TimerViewModel.swift */ = {isa = PBXFileReference; lastKnownFileType = sourcecode.swift; path = TimerViewModel.swift; sourceTree = "<group>"; };
		9C0D8D562C53C12200613872 /* TimerView.swift */ = {isa = PBXFileReference; lastKnownFileType = sourcecode.swift; path = TimerView.swift; sourceTree = "<group>"; };
		9C0D8D582C53C16D00613872 /* IconAndTextView.swift */ = {isa = PBXFileReference; lastKnownFileType = sourcecode.swift; path = IconAndTextView.swift; sourceTree = "<group>"; };
		9C0D8D602C619B8100613872 /* FinishModal.swift */ = {isa = PBXFileReference; lastKnownFileType = sourcecode.swift; path = FinishModal.swift; sourceTree = "<group>"; };
		9C0D8D632C68F94000613872 /* Color+.swift */ = {isa = PBXFileReference; lastKnownFileType = sourcecode.swift; path = "Color+.swift"; sourceTree = "<group>"; };
		9C0D8D692C69043500613872 /* ShieldConfiguration+.appex */ = {isa = PBXFileReference; explicitFileType = "wrapper.app-extension"; includeInIndex = 0; path = "ShieldConfiguration+.appex"; sourceTree = BUILT_PRODUCTS_DIR; };
		9C0D8D6B2C69043500613872 /* ManagedSettings.framework */ = {isa = PBXFileReference; lastKnownFileType = wrapper.framework; name = ManagedSettings.framework; path = System/Library/Frameworks/ManagedSettings.framework; sourceTree = SDKROOT; };
		9C0D8D6D2C69043500613872 /* ManagedSettingsUI.framework */ = {isa = PBXFileReference; lastKnownFileType = wrapper.framework; name = ManagedSettingsUI.framework; path = Library/Frameworks/ManagedSettingsUI.framework; sourceTree = DEVELOPER_DIR; };
		9C0D8D702C69043500613872 /* ShieldConfigurationExtension.swift */ = {isa = PBXFileReference; lastKnownFileType = sourcecode.swift; path = ShieldConfigurationExtension.swift; sourceTree = "<group>"; };
		9C0D8D722C69043500613872 /* Info.plist */ = {isa = PBXFileReference; lastKnownFileType = text.plist.xml; path = Info.plist; sourceTree = "<group>"; };
		9C0D8D732C69043500613872 /* ShieldConfiguration_.entitlements */ = {isa = PBXFileReference; lastKnownFileType = text.plist.entitlements; path = ShieldConfiguration_.entitlements; sourceTree = "<group>"; };
		9C0D8D7B2C6980DD00613872 /* ThemeColorButton.swift */ = {isa = PBXFileReference; lastKnownFileType = sourcecode.swift; path = ThemeColorButton.swift; sourceTree = "<group>"; };
		9C0D8D7D2C6A0EEF00613872 /* WorkLogMonitor.swift */ = {isa = PBXFileReference; lastKnownFileType = sourcecode.swift; path = WorkLogMonitor.swift; sourceTree = "<group>"; };
		9C0FD2C12C46AABA00A63319 /* FinishView.swift */ = {isa = PBXFileReference; lastKnownFileType = sourcecode.swift; path = FinishView.swift; sourceTree = "<group>"; };
		9C1424CD2C4FF09B005E873E /* StarRating.swift */ = {isa = PBXFileReference; lastKnownFileType = sourcecode.swift; path = StarRating.swift; sourceTree = "<group>"; };
		9C2835A32C70108E002F8BBF /* Info.plist */ = {isa = PBXFileReference; lastKnownFileType = text.plist; path = Info.plist; sourceTree = "<group>"; };
		9C2835A52C701AB0002F8BBF /* BannerView.swift */ = {isa = PBXFileReference; lastKnownFileType = sourcecode.swift; path = BannerView.swift; sourceTree = "<group>"; };
		9C2835A72C701BA3002F8BBF /* .env */ = {isa = PBXFileReference; lastKnownFileType = text; path = .env; sourceTree = "<group>"; };
		9C2835AC2C70C711002F8BBF /* LoadEnv.swift */ = {isa = PBXFileReference; lastKnownFileType = sourcecode.swift; path = LoadEnv.swift; sourceTree = "<group>"; };
		9C2835AE2C70C841002F8BBF /* AppConst.swift */ = {isa = PBXFileReference; lastKnownFileType = sourcecode.swift; path = AppConst.swift; sourceTree = "<group>"; };
		9C3E11B12C7559810061C952 /* PageControl.swift */ = {isa = PBXFileReference; lastKnownFileType = sourcecode.swift; path = PageControl.swift; sourceTree = "<group>"; };
		9C3E11B32C7559A20061C952 /* PageView.swift */ = {isa = PBXFileReference; lastKnownFileType = sourcecode.swift; path = PageView.swift; sourceTree = "<group>"; };
		9C3E11B52C7559C70061C952 /* PageViewController.swift */ = {isa = PBXFileReference; lastKnownFileType = sourcecode.swift; path = PageViewController.swift; sourceTree = "<group>"; };
		9C3E11B72C7559E00061C952 /* TutorialView.swift */ = {isa = PBXFileReference; lastKnownFileType = sourcecode.swift; path = TutorialView.swift; sourceTree = "<group>"; };
		9C3E11B92C755A430061C952 /* ShowTutorialView.swift */ = {isa = PBXFileReference; lastKnownFileType = sourcecode.swift; path = ShowTutorialView.swift; sourceTree = "<group>"; };
		9C3F9EFC2C41739C00F9F8B0 /* QuickBlockView.swift */ = {isa = PBXFileReference; lastKnownFileType = sourcecode.swift; path = QuickBlockView.swift; sourceTree = "<group>"; };
		9C3F9EFE2C41F64500F9F8B0 /* RootView.swift */ = {isa = PBXFileReference; lastKnownFileType = sourcecode.swift; path = RootView.swift; sourceTree = "<group>"; };
		9C3F9F002C46A41600F9F8B0 /* FamilyControlPermissionView.swift */ = {isa = PBXFileReference; lastKnownFileType = sourcecode.swift; path = FamilyControlPermissionView.swift; sourceTree = "<group>"; };
		9CAE61BE2C91DD4500ED1354 /* SelectTimeWheelView.swift */ = {isa = PBXFileReference; lastKnownFileType = sourcecode.swift; path = SelectTimeWheelView.swift; sourceTree = "<group>"; };
		9CAE61C02C91DDA900ED1354 /* StudyData.swift */ = {isa = PBXFileReference; lastKnownFileType = sourcecode.swift; path = StudyData.swift; sourceTree = "<group>"; };
		9CAE61C42CA31AFC00ED1354 /* RecordEntryView.swift */ = {isa = PBXFileReference; lastKnownFileType = sourcecode.swift; path = RecordEntryView.swift; sourceTree = "<group>"; };
		9CAE61C62CA31DD900ED1354 /* StudyRecord.swift */ = {isa = PBXFileReference; lastKnownFileType = sourcecode.swift; path = StudyRecord.swift; sourceTree = "<group>"; };
		9CAE61C82CA31F1900ED1354 /* StudyRecordListView.swift */ = {isa = PBXFileReference; lastKnownFileType = sourcecode.swift; path = StudyRecordListView.swift; sourceTree = "<group>"; };
		9CAE61CD2CABDA8200ED1354 /* Date+.swift */ = {isa = PBXFileReference; lastKnownFileType = sourcecode.swift; path = "Date+.swift"; sourceTree = "<group>"; };
		9CAE61D72CAFCFE300ED1354 /* StudyTimeGraphView.swift */ = {isa = PBXFileReference; lastKnownFileType = sourcecode.swift; path = StudyTimeGraphView.swift; sourceTree = "<group>"; };
		9CAE61D92CB1676500ED1354 /* StudyTimeViewModel.swift */ = {isa = PBXFileReference; lastKnownFileType = sourcecode.swift; path = StudyTimeViewModel.swift; sourceTree = "<group>"; };
		9CAE61DB2CB6EA8700ED1354 /* MainTabView.swift */ = {isa = PBXFileReference; lastKnownFileType = sourcecode.swift; path = MainTabView.swift; sourceTree = "<group>"; };
		9CAE61DD2CBD832C00ED1354 /* StudyRecordListViewModel.swift */ = {isa = PBXFileReference; lastKnownFileType = sourcecode.swift; path = StudyRecordListViewModel.swift; sourceTree = "<group>"; };
		9CBBFBB72C3AD6E000807F3E /* shieldApp.app */ = {isa = PBXFileReference; explicitFileType = wrapper.application; includeInIndex = 0; path = shieldApp.app; sourceTree = BUILT_PRODUCTS_DIR; };
		9CBBFBBA2C3AD6E000807F3E /* shieldAppApp.swift */ = {isa = PBXFileReference; lastKnownFileType = sourcecode.swift; path = shieldAppApp.swift; sourceTree = "<group>"; };
		9CBBFBBC2C3AD6E000807F3E /* ContentView.swift */ = {isa = PBXFileReference; lastKnownFileType = sourcecode.swift; path = ContentView.swift; sourceTree = "<group>"; };
		9CBBFBBE2C3AD6E200807F3E /* Assets.xcassets */ = {isa = PBXFileReference; lastKnownFileType = folder.assetcatalog; path = Assets.xcassets; sourceTree = "<group>"; };
		9CBBFBC02C3AD6E200807F3E /* shieldApp.entitlements */ = {isa = PBXFileReference; lastKnownFileType = text.plist.entitlements; path = shieldApp.entitlements; sourceTree = "<group>"; };
		9CBBFBC22C3AD6E200807F3E /* Preview Assets.xcassets */ = {isa = PBXFileReference; lastKnownFileType = folder.assetcatalog; path = "Preview Assets.xcassets"; sourceTree = "<group>"; };
		9CBBFBC82C3AD6E200807F3E /* shieldAppTests.xctest */ = {isa = PBXFileReference; explicitFileType = wrapper.cfbundle; includeInIndex = 0; path = shieldAppTests.xctest; sourceTree = BUILT_PRODUCTS_DIR; };
		9CBBFBCC2C3AD6E200807F3E /* shieldAppTests.swift */ = {isa = PBXFileReference; lastKnownFileType = sourcecode.swift; path = shieldAppTests.swift; sourceTree = "<group>"; };
		9CBBFBD22C3AD6E200807F3E /* shieldAppUITests.xctest */ = {isa = PBXFileReference; explicitFileType = wrapper.cfbundle; includeInIndex = 0; path = shieldAppUITests.xctest; sourceTree = BUILT_PRODUCTS_DIR; };
		9CBBFBD62C3AD6E200807F3E /* shieldAppUITests.swift */ = {isa = PBXFileReference; lastKnownFileType = sourcecode.swift; path = shieldAppUITests.swift; sourceTree = "<group>"; };
		9CBBFBD82C3AD6E200807F3E /* shieldAppUITestsLaunchTests.swift */ = {isa = PBXFileReference; lastKnownFileType = sourcecode.swift; path = shieldAppUITestsLaunchTests.swift; sourceTree = "<group>"; };
		9CBBFBE52C3AD70700807F3E /* BlockTimeView.swift */ = {isa = PBXFileReference; lastKnownFileType = sourcecode.swift; path = BlockTimeView.swift; sourceTree = "<group>"; };
		9CC4E4122C4B662F0019D357 /* ViewController.swift */ = {isa = PBXFileReference; lastKnownFileType = sourcecode.swift; path = ViewController.swift; sourceTree = "<group>"; };
		9CC4E4142C4B669D0019D357 /* ViewControllerRepresentable.swift */ = {isa = PBXFileReference; lastKnownFileType = sourcecode.swift; path = ViewControllerRepresentable.swift; sourceTree = "<group>"; };
		9CC4E4162C4B6A200019D357 /* FormWebView.swift */ = {isa = PBXFileReference; lastKnownFileType = sourcecode.swift; path = FormWebView.swift; sourceTree = "<group>"; };
		9CC4E42A2C4CFBDD0019D357 /* DataModel.swift */ = {isa = PBXFileReference; lastKnownFileType = sourcecode.swift; path = DataModel.swift; sourceTree = "<group>"; };
		A807BEDD661554002DE861CA /* Pods_shieldApp_shieldAppUITests.framework */ = {isa = PBXFileReference; explicitFileType = wrapper.framework; includeInIndex = 0; path = Pods_shieldApp_shieldAppUITests.framework; sourceTree = BUILT_PRODUCTS_DIR; };
		E2C1FD6AFA9DB679FCB212C8 /* Pods-ShieldConfiguration+.release.xcconfig */ = {isa = PBXFileReference; includeInIndex = 1; lastKnownFileType = text.xcconfig; name = "Pods-ShieldConfiguration+.release.xcconfig"; path = "Target Support Files/Pods-ShieldConfiguration+/Pods-ShieldConfiguration+.release.xcconfig"; sourceTree = "<group>"; };
		EC4196F2A78CEBB4717AB231 /* Pods-shieldApp-shieldAppUITests.debug.xcconfig */ = {isa = PBXFileReference; includeInIndex = 1; lastKnownFileType = text.xcconfig; name = "Pods-shieldApp-shieldAppUITests.debug.xcconfig"; path = "Target Support Files/Pods-shieldApp-shieldAppUITests/Pods-shieldApp-shieldAppUITests.debug.xcconfig"; sourceTree = "<group>"; };
		FEA1F65ED670F78B85AA8EAF /* Pods-ShieldConfiguration+.debug.xcconfig */ = {isa = PBXFileReference; includeInIndex = 1; lastKnownFileType = text.xcconfig; name = "Pods-ShieldConfiguration+.debug.xcconfig"; path = "Target Support Files/Pods-ShieldConfiguration+/Pods-ShieldConfiguration+.debug.xcconfig"; sourceTree = "<group>"; };
/* End PBXFileReference section */

/* Begin PBXFrameworksBuildPhase section */
		9C0D8D662C69043500613872 /* Frameworks */ = {
			isa = PBXFrameworksBuildPhase;
			buildActionMask = 2147483647;
			files = (
				9C0D8D6C2C69043500613872 /* ManagedSettings.framework in Frameworks */,
				9C0D8D6E2C69043500613872 /* ManagedSettingsUI.framework in Frameworks */,
				66CB5E5890E340B207A1E99D /* Pods_ShieldConfiguration_.framework in Frameworks */,
			);
			runOnlyForDeploymentPostprocessing = 0;
		};
		9CBBFBB42C3AD6E000807F3E /* Frameworks */ = {
			isa = PBXFrameworksBuildPhase;
			buildActionMask = 2147483647;
			files = (
				B412297F3CEA69C0B2A55B30 /* Pods_shieldApp.framework in Frameworks */,
			);
			runOnlyForDeploymentPostprocessing = 0;
		};
		9CBBFBC52C3AD6E200807F3E /* Frameworks */ = {
			isa = PBXFrameworksBuildPhase;
			buildActionMask = 2147483647;
			files = (
				03B03308527741A878637791 /* Pods_shieldAppTests.framework in Frameworks */,
			);
			runOnlyForDeploymentPostprocessing = 0;
		};
		9CBBFBCF2C3AD6E200807F3E /* Frameworks */ = {
			isa = PBXFrameworksBuildPhase;
			buildActionMask = 2147483647;
			files = (
				A087956DC45F75F496DFA2D5 /* Pods_shieldApp_shieldAppUITests.framework in Frameworks */,
			);
			runOnlyForDeploymentPostprocessing = 0;
		};
/* End PBXFrameworksBuildPhase section */

/* Begin PBXGroup section */
		9C0D8D5A2C53C1CD00613872 /* Components */ = {
			isa = PBXGroup;
			children = (
				9C3E11B02C7559690061C952 /* Tutorials */,
				9C2835A42C701A9F002F8BBF /* Admobs */,
				9C1424CD2C4FF09B005E873E /* StarRating.swift */,
				9C0D8D582C53C16D00613872 /* IconAndTextView.swift */,
				9C0D8D602C619B8100613872 /* FinishModal.swift */,
				9C0D8D7B2C6980DD00613872 /* ThemeColorButton.swift */,
				9CAE61BE2C91DD4500ED1354 /* SelectTimeWheelView.swift */,
			);
			path = Components;
			sourceTree = "<group>";
		};
		9C0D8D5B2C53C1E500613872 /* TimerView */ = {
			isa = PBXGroup;
			children = (
				9C0D8D542C53C11600613872 /* TimerViewModel.swift */,
				9C0D8D562C53C12200613872 /* TimerView.swift */,
			);
			path = TimerView;
			sourceTree = "<group>";
		};
		9C0D8D622C68F91B00613872 /* Extensions */ = {
			isa = PBXGroup;
			children = (
				9C0D8D632C68F94000613872 /* Color+.swift */,
				9CAE61CD2CABDA8200ED1354 /* Date+.swift */,
			);
			path = Extensions;
			sourceTree = "<group>";
		};
		9C0D8D6A2C69043500613872 /* Frameworks */ = {
			isa = PBXGroup;
			children = (
				9C0D8D6B2C69043500613872 /* ManagedSettings.framework */,
				9C0D8D6D2C69043500613872 /* ManagedSettingsUI.framework */,
				08FAF2833D2B0A50D2A35CC5 /* Pods_ShieldConfiguration_.framework */,
				999E7DC1E6DE2B3F70794CFB /* Pods_shieldApp.framework */,
				A807BEDD661554002DE861CA /* Pods_shieldApp_shieldAppUITests.framework */,
				38F8B595AA07C56D72968102 /* Pods_shieldAppTests.framework */,
			);
			name = Frameworks;
			sourceTree = "<group>";
		};
		9C0D8D6F2C69043500613872 /* ShieldConfiguration+ */ = {
			isa = PBXGroup;
			children = (
				9C0D8D702C69043500613872 /* ShieldConfigurationExtension.swift */,
				9C0D8D722C69043500613872 /* Info.plist */,
				9C0D8D732C69043500613872 /* ShieldConfiguration_.entitlements */,
			);
			path = "ShieldConfiguration+";
			sourceTree = "<group>";
		};
		9C2835A42C701A9F002F8BBF /* Admobs */ = {
			isa = PBXGroup;
			children = (
				9C2835A52C701AB0002F8BBF /* BannerView.swift */,
			);
			path = Admobs;
			sourceTree = "<group>";
		};
		9C3E11B02C7559690061C952 /* Tutorials */ = {
			isa = PBXGroup;
			children = (
				9C3E11B12C7559810061C952 /* PageControl.swift */,
				9C3E11B32C7559A20061C952 /* PageView.swift */,
				9C3E11B52C7559C70061C952 /* PageViewController.swift */,
				9C3E11B72C7559E00061C952 /* TutorialView.swift */,
				9C3E11B92C755A430061C952 /* ShowTutorialView.swift */,
			);
			path = Tutorials;
			sourceTree = "<group>";
		};
		9CAE61C22C925BA700ED1354 /* Report */ = {
			isa = PBXGroup;
			children = (
				9CAE61C42CA31AFC00ED1354 /* RecordEntryView.swift */,
				9CAE61C82CA31F1900ED1354 /* StudyRecordListView.swift */,
				9CAE61DD2CBD832C00ED1354 /* StudyRecordListViewModel.swift */,
				9CAE61DB2CB6EA8700ED1354 /* MainTabView.swift */,
			);
			path = Report;
			sourceTree = "<group>";
		};
		9CAE61C32C925BC500ED1354 /* Schedule */ = {
			isa = PBXGroup;
			children = (
				9CBBFBE52C3AD70700807F3E /* BlockTimeView.swift */,
			);
			path = Schedule;
			sourceTree = "<group>";
		};
		9CAE61CA2CA4484B00ED1354 /* Graph */ = {
			isa = PBXGroup;
			children = (
				9CAE61D72CAFCFE300ED1354 /* StudyTimeGraphView.swift */,
				9CAE61D92CB1676500ED1354 /* StudyTimeViewModel.swift */,
			);
			path = Graph;
			sourceTree = "<group>";
		};
		9CAEDC897DA18086C574A201 /* Pods */ = {
			isa = PBXGroup;
			children = (
				FEA1F65ED670F78B85AA8EAF /* Pods-ShieldConfiguration+.debug.xcconfig */,
				E2C1FD6AFA9DB679FCB212C8 /* Pods-ShieldConfiguration+.release.xcconfig */,
				0D4A966E4638053F2979ECC5 /* Pods-shieldApp.debug.xcconfig */,
				9BE85F48E32C758D5B42C312 /* Pods-shieldApp.release.xcconfig */,
				EC4196F2A78CEBB4717AB231 /* Pods-shieldApp-shieldAppUITests.debug.xcconfig */,
				35FB80F6826EAA919F180127 /* Pods-shieldApp-shieldAppUITests.release.xcconfig */,
				3585C7615F29F86E3B64B154 /* Pods-shieldAppTests.debug.xcconfig */,
				8D8A161D31B4451901E9C82D /* Pods-shieldAppTests.release.xcconfig */,
			);
			path = Pods;
			sourceTree = "<group>";
		};
		9CBBFBAE2C3AD6E000807F3E = {
			isa = PBXGroup;
			children = (
				9CBBFBB92C3AD6E000807F3E /* shieldApp */,
				9CBBFBCB2C3AD6E200807F3E /* shieldAppTests */,
				9CBBFBD52C3AD6E200807F3E /* shieldAppUITests */,
				9C0D8D6F2C69043500613872 /* ShieldConfiguration+ */,
				9C0D8D6A2C69043500613872 /* Frameworks */,
				9CBBFBB82C3AD6E000807F3E /* Products */,
				9CAEDC897DA18086C574A201 /* Pods */,
			);
			sourceTree = "<group>";
		};
		9CBBFBB82C3AD6E000807F3E /* Products */ = {
			isa = PBXGroup;
			children = (
				9CBBFBB72C3AD6E000807F3E /* shieldApp.app */,
				9CBBFBC82C3AD6E200807F3E /* shieldAppTests.xctest */,
				9CBBFBD22C3AD6E200807F3E /* shieldAppUITests.xctest */,
				9C0D8D692C69043500613872 /* ShieldConfiguration+.appex */,
			);
			name = Products;
			sourceTree = "<group>";
		};
		9CBBFBB92C3AD6E000807F3E /* shieldApp */ = {
			isa = PBXGroup;
			children = (
				9C2835AE2C70C841002F8BBF /* AppConst.swift */,
				9C2835A32C70108E002F8BBF /* Info.plist */,
				9C0D8D622C68F91B00613872 /* Extensions */,
				9CBBFBBA2C3AD6E000807F3E /* shieldAppApp.swift */,
				9CBBFBBC2C3AD6E000807F3E /* ContentView.swift */,
				9CAE61C22C925BA700ED1354 /* Report */,
				9CBBFBBE2C3AD6E200807F3E /* Assets.xcassets */,
				9CBBFBC02C3AD6E200807F3E /* shieldApp.entitlements */,
				9CAE61CA2CA4484B00ED1354 /* Graph */,
				9CBBFBC12C3AD6E200807F3E /* Preview Content */,
				9CAE61C32C925BC500ED1354 /* Schedule */,
				9CC4E4292C4CFBCD0019D357 /* Model */,
				9C3F9EFC2C41739C00F9F8B0 /* QuickBlockView.swift */,
				9C3F9F002C46A41600F9F8B0 /* FamilyControlPermissionView.swift */,
				9CC4E4262C4C05BA0019D357 /* DeviceActivitys */,
				9C0FD2C12C46AABA00A63319 /* FinishView.swift */,
				9C3F9EFE2C41F64500F9F8B0 /* RootView.swift */,
				9C0D8D5B2C53C1E500613872 /* TimerView */,
				9CC4E4182C4B6A960019D357 /* FormView */,
				9C0D8D5A2C53C1CD00613872 /* Components */,
				9C2835A72C701BA3002F8BBF /* .env */,
				9C2835AC2C70C711002F8BBF /* LoadEnv.swift */,
			);
			path = shieldApp;
			sourceTree = "<group>";
		};
		9CBBFBC12C3AD6E200807F3E /* Preview Content */ = {
			isa = PBXGroup;
			children = (
				9CBBFBC22C3AD6E200807F3E /* Preview Assets.xcassets */,
			);
			path = "Preview Content";
			sourceTree = "<group>";
		};
		9CBBFBCB2C3AD6E200807F3E /* shieldAppTests */ = {
			isa = PBXGroup;
			children = (
				9CBBFBCC2C3AD6E200807F3E /* shieldAppTests.swift */,
			);
			path = shieldAppTests;
			sourceTree = "<group>";
		};
		9CBBFBD52C3AD6E200807F3E /* shieldAppUITests */ = {
			isa = PBXGroup;
			children = (
				9CBBFBD62C3AD6E200807F3E /* shieldAppUITests.swift */,
				9CBBFBD82C3AD6E200807F3E /* shieldAppUITestsLaunchTests.swift */,
			);
			path = shieldAppUITests;
			sourceTree = "<group>";
		};
		9CC4E4182C4B6A960019D357 /* FormView */ = {
			isa = PBXGroup;
			children = (
				9CC4E4122C4B662F0019D357 /* ViewController.swift */,
				9CC4E4162C4B6A200019D357 /* FormWebView.swift */,
				9CC4E4142C4B669D0019D357 /* ViewControllerRepresentable.swift */,
			);
			path = FormView;
			sourceTree = "<group>";
		};
		9CC4E4262C4C05BA0019D357 /* DeviceActivitys */ = {
			isa = PBXGroup;
			children = (
				9C0D8D7D2C6A0EEF00613872 /* WorkLogMonitor.swift */,
			);
			path = DeviceActivitys;
			sourceTree = "<group>";
		};
		9CC4E4292C4CFBCD0019D357 /* Model */ = {
			isa = PBXGroup;
			children = (
				9CC4E42A2C4CFBDD0019D357 /* DataModel.swift */,
				9CAE61C02C91DDA900ED1354 /* StudyData.swift */,
				9CAE61C62CA31DD900ED1354 /* StudyRecord.swift */,
			);
			path = Model;
			sourceTree = "<group>";
		};
/* End PBXGroup section */

/* Begin PBXNativeTarget section */
		9C0D8D682C69043500613872 /* ShieldConfiguration+ */ = {
			isa = PBXNativeTarget;
			buildConfigurationList = 9C0D8D772C69043500613872 /* Build configuration list for PBXNativeTarget "ShieldConfiguration+" */;
			buildPhases = (
				33AE9DB800F3278D6E2A2FA8 /* [CP] Check Pods Manifest.lock */,
				9C0D8D652C69043500613872 /* Sources */,
				9C0D8D662C69043500613872 /* Frameworks */,
				9C0D8D672C69043500613872 /* Resources */,
			);
			buildRules = (
			);
			dependencies = (
			);
			name = "ShieldConfiguration+";
			productName = "ShieldConfiguration+";
			productReference = 9C0D8D692C69043500613872 /* ShieldConfiguration+.appex */;
			productType = "com.apple.product-type.app-extension";
		};
		9CBBFBB62C3AD6E000807F3E /* shieldApp */ = {
			isa = PBXNativeTarget;
			buildConfigurationList = 9CBBFBDC2C3AD6E200807F3E /* Build configuration list for PBXNativeTarget "shieldApp" */;
			buildPhases = (
				ADDC194A18E5A56A1E8B0FD6 /* [CP] Check Pods Manifest.lock */,
				9CBBFBB32C3AD6E000807F3E /* Sources */,
				9CBBFBB42C3AD6E000807F3E /* Frameworks */,
				9CBBFBB52C3AD6E000807F3E /* Resources */,
				9C0D8D7A2C69043500613872 /* Embed Foundation Extensions */,
				44B860B255F2F18E7AC90671 /* [CP] Embed Pods Frameworks */,
			);
			buildRules = (
			);
			dependencies = (
				9C0D8D752C69043500613872 /* PBXTargetDependency */,
			);
			name = shieldApp;
			productName = shieldApp;
			productReference = 9CBBFBB72C3AD6E000807F3E /* shieldApp.app */;
			productType = "com.apple.product-type.application";
		};
		9CBBFBC72C3AD6E200807F3E /* shieldAppTests */ = {
			isa = PBXNativeTarget;
			buildConfigurationList = 9CBBFBDF2C3AD6E200807F3E /* Build configuration list for PBXNativeTarget "shieldAppTests" */;
			buildPhases = (
				E1966BA8251DE9F89D9FDEF2 /* [CP] Check Pods Manifest.lock */,
				9CBBFBC42C3AD6E200807F3E /* Sources */,
				9CBBFBC52C3AD6E200807F3E /* Frameworks */,
				9CBBFBC62C3AD6E200807F3E /* Resources */,
			);
			buildRules = (
			);
			dependencies = (
				9CBBFBCA2C3AD6E200807F3E /* PBXTargetDependency */,
			);
			name = shieldAppTests;
			productName = shieldAppTests;
			productReference = 9CBBFBC82C3AD6E200807F3E /* shieldAppTests.xctest */;
			productType = "com.apple.product-type.bundle.unit-test";
		};
		9CBBFBD12C3AD6E200807F3E /* shieldAppUITests */ = {
			isa = PBXNativeTarget;
			buildConfigurationList = 9CBBFBE22C3AD6E200807F3E /* Build configuration list for PBXNativeTarget "shieldAppUITests" */;
			buildPhases = (
				538DB66DF87D23F0D8AF1F9B /* [CP] Check Pods Manifest.lock */,
				9CBBFBCE2C3AD6E200807F3E /* Sources */,
				9CBBFBCF2C3AD6E200807F3E /* Frameworks */,
				9CBBFBD02C3AD6E200807F3E /* Resources */,
				976B0169B1FA312206005E4D /* [CP] Embed Pods Frameworks */,
			);
			buildRules = (
			);
			dependencies = (
				9CBBFBD42C3AD6E200807F3E /* PBXTargetDependency */,
			);
			name = shieldAppUITests;
			productName = shieldAppUITests;
			productReference = 9CBBFBD22C3AD6E200807F3E /* shieldAppUITests.xctest */;
			productType = "com.apple.product-type.bundle.ui-testing";
		};
/* End PBXNativeTarget section */

/* Begin PBXProject section */
		9CBBFBAF2C3AD6E000807F3E /* Project object */ = {
			isa = PBXProject;
			attributes = {
				BuildIndependentTargetsInParallel = 1;
				LastSwiftUpdateCheck = 1530;
				LastUpgradeCheck = 1530;
				TargetAttributes = {
					9C0D8D682C69043500613872 = {
						CreatedOnToolsVersion = 15.3;
					};
					9CBBFBB62C3AD6E000807F3E = {
						CreatedOnToolsVersion = 15.3;
					};
					9CBBFBC72C3AD6E200807F3E = {
						CreatedOnToolsVersion = 15.3;
						TestTargetID = 9CBBFBB62C3AD6E000807F3E;
					};
					9CBBFBD12C3AD6E200807F3E = {
						CreatedOnToolsVersion = 15.3;
						TestTargetID = 9CBBFBB62C3AD6E000807F3E;
					};
				};
			};
			buildConfigurationList = 9CBBFBB22C3AD6E000807F3E /* Build configuration list for PBXProject "shieldApp" */;
			compatibilityVersion = "Xcode 14.0";
			developmentRegion = en;
			hasScannedForEncodings = 0;
			knownRegions = (
				en,
				Base,
			);
			mainGroup = 9CBBFBAE2C3AD6E000807F3E;
			productRefGroup = 9CBBFBB82C3AD6E000807F3E /* Products */;
			projectDirPath = "";
			projectRoot = "";
			targets = (
				9CBBFBB62C3AD6E000807F3E /* shieldApp */,
				9CBBFBC72C3AD6E200807F3E /* shieldAppTests */,
				9CBBFBD12C3AD6E200807F3E /* shieldAppUITests */,
				9C0D8D682C69043500613872 /* ShieldConfiguration+ */,
			);
		};
/* End PBXProject section */

/* Begin PBXResourcesBuildPhase section */
		9C0D8D672C69043500613872 /* Resources */ = {
			isa = PBXResourcesBuildPhase;
			buildActionMask = 2147483647;
			files = (
			);
			runOnlyForDeploymentPostprocessing = 0;
		};
		9CBBFBB52C3AD6E000807F3E /* Resources */ = {
			isa = PBXResourcesBuildPhase;
			buildActionMask = 2147483647;
			files = (
				9C2835A82C701BA3002F8BBF /* .env in Resources */,
				9CBBFBC32C3AD6E200807F3E /* Preview Assets.xcassets in Resources */,
				9CBBFBBF2C3AD6E200807F3E /* Assets.xcassets in Resources */,
			);
			runOnlyForDeploymentPostprocessing = 0;
		};
		9CBBFBC62C3AD6E200807F3E /* Resources */ = {
			isa = PBXResourcesBuildPhase;
			buildActionMask = 2147483647;
			files = (
			);
			runOnlyForDeploymentPostprocessing = 0;
		};
		9CBBFBD02C3AD6E200807F3E /* Resources */ = {
			isa = PBXResourcesBuildPhase;
			buildActionMask = 2147483647;
			files = (
			);
			runOnlyForDeploymentPostprocessing = 0;
		};
/* End PBXResourcesBuildPhase section */

/* Begin PBXShellScriptBuildPhase section */
		33AE9DB800F3278D6E2A2FA8 /* [CP] Check Pods Manifest.lock */ = {
			isa = PBXShellScriptBuildPhase;
			buildActionMask = 2147483647;
			files = (
			);
			inputFileListPaths = (
			);
			inputPaths = (
				"${PODS_PODFILE_DIR_PATH}/Podfile.lock",
				"${PODS_ROOT}/Manifest.lock",
			);
			name = "[CP] Check Pods Manifest.lock";
			outputFileListPaths = (
			);
			outputPaths = (
				"$(DERIVED_FILE_DIR)/Pods-ShieldConfiguration+-checkManifestLockResult.txt",
			);
			runOnlyForDeploymentPostprocessing = 0;
			shellPath = /bin/sh;
			shellScript = "diff \"${PODS_PODFILE_DIR_PATH}/Podfile.lock\" \"${PODS_ROOT}/Manifest.lock\" > /dev/null\nif [ $? != 0 ] ; then\n    # print error to STDERR\n    echo \"error: The sandbox is not in sync with the Podfile.lock. Run 'pod install' or update your CocoaPods installation.\" >&2\n    exit 1\nfi\n# This output is used by Xcode 'outputs' to avoid re-running this script phase.\necho \"SUCCESS\" > \"${SCRIPT_OUTPUT_FILE_0}\"\n";
			showEnvVarsInLog = 0;
		};
		44B860B255F2F18E7AC90671 /* [CP] Embed Pods Frameworks */ = {
			isa = PBXShellScriptBuildPhase;
			buildActionMask = 2147483647;
			files = (
			);
			inputFileListPaths = (
				"${PODS_ROOT}/Target Support Files/Pods-shieldApp/Pods-shieldApp-frameworks-${CONFIGURATION}-input-files.xcfilelist",
			);
			name = "[CP] Embed Pods Frameworks";
			outputFileListPaths = (
				"${PODS_ROOT}/Target Support Files/Pods-shieldApp/Pods-shieldApp-frameworks-${CONFIGURATION}-output-files.xcfilelist",
			);
			runOnlyForDeploymentPostprocessing = 0;
			shellPath = /bin/sh;
			shellScript = "\"${PODS_ROOT}/Target Support Files/Pods-shieldApp/Pods-shieldApp-frameworks.sh\"\n";
			showEnvVarsInLog = 0;
		};
		538DB66DF87D23F0D8AF1F9B /* [CP] Check Pods Manifest.lock */ = {
			isa = PBXShellScriptBuildPhase;
			buildActionMask = 2147483647;
			files = (
			);
			inputFileListPaths = (
			);
			inputPaths = (
				"${PODS_PODFILE_DIR_PATH}/Podfile.lock",
				"${PODS_ROOT}/Manifest.lock",
			);
			name = "[CP] Check Pods Manifest.lock";
			outputFileListPaths = (
			);
			outputPaths = (
				"$(DERIVED_FILE_DIR)/Pods-shieldApp-shieldAppUITests-checkManifestLockResult.txt",
			);
			runOnlyForDeploymentPostprocessing = 0;
			shellPath = /bin/sh;
			shellScript = "diff \"${PODS_PODFILE_DIR_PATH}/Podfile.lock\" \"${PODS_ROOT}/Manifest.lock\" > /dev/null\nif [ $? != 0 ] ; then\n    # print error to STDERR\n    echo \"error: The sandbox is not in sync with the Podfile.lock. Run 'pod install' or update your CocoaPods installation.\" >&2\n    exit 1\nfi\n# This output is used by Xcode 'outputs' to avoid re-running this script phase.\necho \"SUCCESS\" > \"${SCRIPT_OUTPUT_FILE_0}\"\n";
			showEnvVarsInLog = 0;
		};
		976B0169B1FA312206005E4D /* [CP] Embed Pods Frameworks */ = {
			isa = PBXShellScriptBuildPhase;
			buildActionMask = 2147483647;
			files = (
			);
			inputFileListPaths = (
				"${PODS_ROOT}/Target Support Files/Pods-shieldApp-shieldAppUITests/Pods-shieldApp-shieldAppUITests-frameworks-${CONFIGURATION}-input-files.xcfilelist",
			);
			name = "[CP] Embed Pods Frameworks";
			outputFileListPaths = (
				"${PODS_ROOT}/Target Support Files/Pods-shieldApp-shieldAppUITests/Pods-shieldApp-shieldAppUITests-frameworks-${CONFIGURATION}-output-files.xcfilelist",
			);
			runOnlyForDeploymentPostprocessing = 0;
			shellPath = /bin/sh;
			shellScript = "\"${PODS_ROOT}/Target Support Files/Pods-shieldApp-shieldAppUITests/Pods-shieldApp-shieldAppUITests-frameworks.sh\"\n";
			showEnvVarsInLog = 0;
		};
		ADDC194A18E5A56A1E8B0FD6 /* [CP] Check Pods Manifest.lock */ = {
			isa = PBXShellScriptBuildPhase;
			buildActionMask = 2147483647;
			files = (
			);
			inputFileListPaths = (
			);
			inputPaths = (
				"${PODS_PODFILE_DIR_PATH}/Podfile.lock",
				"${PODS_ROOT}/Manifest.lock",
			);
			name = "[CP] Check Pods Manifest.lock";
			outputFileListPaths = (
			);
			outputPaths = (
				"$(DERIVED_FILE_DIR)/Pods-shieldApp-checkManifestLockResult.txt",
			);
			runOnlyForDeploymentPostprocessing = 0;
			shellPath = /bin/sh;
			shellScript = "diff \"${PODS_PODFILE_DIR_PATH}/Podfile.lock\" \"${PODS_ROOT}/Manifest.lock\" > /dev/null\nif [ $? != 0 ] ; then\n    # print error to STDERR\n    echo \"error: The sandbox is not in sync with the Podfile.lock. Run 'pod install' or update your CocoaPods installation.\" >&2\n    exit 1\nfi\n# This output is used by Xcode 'outputs' to avoid re-running this script phase.\necho \"SUCCESS\" > \"${SCRIPT_OUTPUT_FILE_0}\"\n";
			showEnvVarsInLog = 0;
		};
		E1966BA8251DE9F89D9FDEF2 /* [CP] Check Pods Manifest.lock */ = {
			isa = PBXShellScriptBuildPhase;
			buildActionMask = 2147483647;
			files = (
			);
			inputFileListPaths = (
			);
			inputPaths = (
				"${PODS_PODFILE_DIR_PATH}/Podfile.lock",
				"${PODS_ROOT}/Manifest.lock",
			);
			name = "[CP] Check Pods Manifest.lock";
			outputFileListPaths = (
			);
			outputPaths = (
				"$(DERIVED_FILE_DIR)/Pods-shieldAppTests-checkManifestLockResult.txt",
			);
			runOnlyForDeploymentPostprocessing = 0;
			shellPath = /bin/sh;
			shellScript = "diff \"${PODS_PODFILE_DIR_PATH}/Podfile.lock\" \"${PODS_ROOT}/Manifest.lock\" > /dev/null\nif [ $? != 0 ] ; then\n    # print error to STDERR\n    echo \"error: The sandbox is not in sync with the Podfile.lock. Run 'pod install' or update your CocoaPods installation.\" >&2\n    exit 1\nfi\n# This output is used by Xcode 'outputs' to avoid re-running this script phase.\necho \"SUCCESS\" > \"${SCRIPT_OUTPUT_FILE_0}\"\n";
			showEnvVarsInLog = 0;
		};
/* End PBXShellScriptBuildPhase section */

/* Begin PBXSourcesBuildPhase section */
		9C0D8D652C69043500613872 /* Sources */ = {
			isa = PBXSourcesBuildPhase;
			buildActionMask = 2147483647;
			files = (
				9C0D8D712C69043500613872 /* ShieldConfigurationExtension.swift in Sources */,
			);
			runOnlyForDeploymentPostprocessing = 0;
		};
		9CBBFBB32C3AD6E000807F3E /* Sources */ = {
			isa = PBXSourcesBuildPhase;
			buildActionMask = 2147483647;
			files = (
				9CAE61C52CA31AFC00ED1354 /* RecordEntryView.swift in Sources */,
				9C2835A62C701AB0002F8BBF /* BannerView.swift in Sources */,
				9CAE61BF2C91DD4500ED1354 /* SelectTimeWheelView.swift in Sources */,
				9CAE61D82CAFCFE400ED1354 /* StudyTimeGraphView.swift in Sources */,
				9CAE61C72CA31DD900ED1354 /* StudyRecord.swift in Sources */,
				9C3E11B42C7559A20061C952 /* PageView.swift in Sources */,
				9CAE61C92CA31F1900ED1354 /* StudyRecordListView.swift in Sources */,
				9CAE61CE2CABDA8200ED1354 /* Date+.swift in Sources */,
				9C0D8D572C53C12200613872 /* TimerView.swift in Sources */,
				9C0D8D642C68F94000613872 /* Color+.swift in Sources */,
				9C0D8D612C619B8100613872 /* FinishModal.swift in Sources */,
				9CAE61DA2CB1676500ED1354 /* StudyTimeViewModel.swift in Sources */,
				9C0D8D552C53C11600613872 /* TimerViewModel.swift in Sources */,
				9C0FD2C22C46AABB00A63319 /* FinishView.swift in Sources */,
				9CBBFBBD2C3AD6E000807F3E /* ContentView.swift in Sources */,
				9C3F9EFD2C41739C00F9F8B0 /* QuickBlockView.swift in Sources */,
				9C0D8D592C53C16D00613872 /* IconAndTextView.swift in Sources */,
				9C3E11B22C7559810061C952 /* PageControl.swift in Sources */,
				9CAE61DE2CBD832C00ED1354 /* StudyRecordListViewModel.swift in Sources */,
				9C3E11B62C7559C70061C952 /* PageViewController.swift in Sources */,
				9CC4E4152C4B669D0019D357 /* ViewControllerRepresentable.swift in Sources */,
				9CBBFBBB2C3AD6E000807F3E /* shieldAppApp.swift in Sources */,
				9C3E11B82C7559E00061C952 /* TutorialView.swift in Sources */,
				9CC4E42B2C4CFBDD0019D357 /* DataModel.swift in Sources */,
				9C3F9F012C46A41600F9F8B0 /* FamilyControlPermissionView.swift in Sources */,
				9CBBFBE62C3AD70700807F3E /* BlockTimeView.swift in Sources */,
				9C2835AD2C70C711002F8BBF /* LoadEnv.swift in Sources */,
				9CAE61C12C91DDA900ED1354 /* StudyData.swift in Sources */,
				9CC4E4132C4B662F0019D357 /* ViewController.swift in Sources */,
				9C3E11BA2C755A430061C952 /* ShowTutorialView.swift in Sources */,
				9CAE61DC2CB6EA8700ED1354 /* MainTabView.swift in Sources */,
				9C3F9EFF2C41F64500F9F8B0 /* RootView.swift in Sources */,
				9CC4E4172C4B6A200019D357 /* FormWebView.swift in Sources */,
				9C1424CE2C4FF09B005E873E /* StarRating.swift in Sources */,
				9C0D8D7E2C6A0EEF00613872 /* WorkLogMonitor.swift in Sources */,
				9C0D8D7C2C6980DD00613872 /* ThemeColorButton.swift in Sources */,
				9C2835AF2C70C841002F8BBF /* AppConst.swift in Sources */,
			);
			runOnlyForDeploymentPostprocessing = 0;
		};
		9CBBFBC42C3AD6E200807F3E /* Sources */ = {
			isa = PBXSourcesBuildPhase;
			buildActionMask = 2147483647;
			files = (
				9CBBFBCD2C3AD6E200807F3E /* shieldAppTests.swift in Sources */,
			);
			runOnlyForDeploymentPostprocessing = 0;
		};
		9CBBFBCE2C3AD6E200807F3E /* Sources */ = {
			isa = PBXSourcesBuildPhase;
			buildActionMask = 2147483647;
			files = (
				9CBBFBD72C3AD6E200807F3E /* shieldAppUITests.swift in Sources */,
				9CBBFBD92C3AD6E200807F3E /* shieldAppUITestsLaunchTests.swift in Sources */,
			);
			runOnlyForDeploymentPostprocessing = 0;
		};
/* End PBXSourcesBuildPhase section */

/* Begin PBXTargetDependency section */
		9C0D8D752C69043500613872 /* PBXTargetDependency */ = {
			isa = PBXTargetDependency;
			target = 9C0D8D682C69043500613872 /* ShieldConfiguration+ */;
			targetProxy = 9C0D8D742C69043500613872 /* PBXContainerItemProxy */;
		};
		9CBBFBCA2C3AD6E200807F3E /* PBXTargetDependency */ = {
			isa = PBXTargetDependency;
			target = 9CBBFBB62C3AD6E000807F3E /* shieldApp */;
			targetProxy = 9CBBFBC92C3AD6E200807F3E /* PBXContainerItemProxy */;
		};
		9CBBFBD42C3AD6E200807F3E /* PBXTargetDependency */ = {
			isa = PBXTargetDependency;
			target = 9CBBFBB62C3AD6E000807F3E /* shieldApp */;
			targetProxy = 9CBBFBD32C3AD6E200807F3E /* PBXContainerItemProxy */;
		};
/* End PBXTargetDependency section */

/* Begin XCBuildConfiguration section */
		9C0D8D782C69043500613872 /* Debug */ = {
			isa = XCBuildConfiguration;
			baseConfigurationReference = FEA1F65ED670F78B85AA8EAF /* Pods-ShieldConfiguration+.debug.xcconfig */;
			buildSettings = {
				CODE_SIGN_ENTITLEMENTS = "ShieldConfiguration+/ShieldConfiguration_.entitlements";
				CODE_SIGN_STYLE = Automatic;
				CURRENT_PROJECT_VERSION = 1;
				DEVELOPMENT_TEAM = 8HSC6WJMH6;
				GENERATE_INFOPLIST_FILE = YES;
				INFOPLIST_FILE = "ShieldConfiguration+/Info.plist";
				INFOPLIST_KEY_CFBundleDisplayName = "ShieldConfiguration+";
				INFOPLIST_KEY_NSHumanReadableCopyright = "";
				IPHONEOS_DEPLOYMENT_TARGET = 17.4;
				LD_RUNPATH_SEARCH_PATHS = (
					"$(inherited)",
					"@executable_path/Frameworks",
					"@executable_path/../../Frameworks",
				);
				MARKETING_VERSION = 1.0;
				PRODUCT_BUNDLE_IDENTIFIER = "com.kazuma.miura.shieldApp.ShieldConfiguration-";
				PRODUCT_NAME = "$(TARGET_NAME)";
				SDKROOT = iphoneos;
				SKIP_INSTALL = YES;
				SWIFT_EMIT_LOC_STRINGS = YES;
				SWIFT_VERSION = 5.0;
				TARGETED_DEVICE_FAMILY = "1,2";
			};
			name = Debug;
		};
		9C0D8D792C69043500613872 /* Release */ = {
			isa = XCBuildConfiguration;
			baseConfigurationReference = E2C1FD6AFA9DB679FCB212C8 /* Pods-ShieldConfiguration+.release.xcconfig */;
			buildSettings = {
				CODE_SIGN_ENTITLEMENTS = "ShieldConfiguration+/ShieldConfiguration_.entitlements";
				CODE_SIGN_STYLE = Automatic;
				CURRENT_PROJECT_VERSION = 1;
				DEVELOPMENT_TEAM = 8HSC6WJMH6;
				GENERATE_INFOPLIST_FILE = YES;
				INFOPLIST_FILE = "ShieldConfiguration+/Info.plist";
				INFOPLIST_KEY_CFBundleDisplayName = "ShieldConfiguration+";
				INFOPLIST_KEY_NSHumanReadableCopyright = "";
				IPHONEOS_DEPLOYMENT_TARGET = 17.4;
				LD_RUNPATH_SEARCH_PATHS = (
					"$(inherited)",
					"@executable_path/Frameworks",
					"@executable_path/../../Frameworks",
				);
				MARKETING_VERSION = 1.0;
				PRODUCT_BUNDLE_IDENTIFIER = "com.kazuma.miura.shieldApp.ShieldConfiguration-";
				PRODUCT_NAME = "$(TARGET_NAME)";
				SDKROOT = iphoneos;
				SKIP_INSTALL = YES;
				SWIFT_EMIT_LOC_STRINGS = YES;
				SWIFT_VERSION = 5.0;
				TARGETED_DEVICE_FAMILY = "1,2";
				VALIDATE_PRODUCT = YES;
			};
			name = Release;
		};
		9CBBFBDA2C3AD6E200807F3E /* Debug */ = {
			isa = XCBuildConfiguration;
			buildSettings = {
				ALWAYS_SEARCH_USER_PATHS = NO;
				ASSETCATALOG_COMPILER_GENERATE_SWIFT_ASSET_SYMBOL_EXTENSIONS = YES;
				CLANG_ANALYZER_NONNULL = YES;
				CLANG_ANALYZER_NUMBER_OBJECT_CONVERSION = YES_AGGRESSIVE;
				CLANG_CXX_LANGUAGE_STANDARD = "gnu++20";
				CLANG_ENABLE_MODULES = YES;
				CLANG_ENABLE_OBJC_ARC = YES;
				CLANG_ENABLE_OBJC_WEAK = YES;
				CLANG_WARN_BLOCK_CAPTURE_AUTORELEASING = YES;
				CLANG_WARN_BOOL_CONVERSION = YES;
				CLANG_WARN_COMMA = YES;
				CLANG_WARN_CONSTANT_CONVERSION = YES;
				CLANG_WARN_DEPRECATED_OBJC_IMPLEMENTATIONS = YES;
				CLANG_WARN_DIRECT_OBJC_ISA_USAGE = YES_ERROR;
				CLANG_WARN_DOCUMENTATION_COMMENTS = YES;
				CLANG_WARN_EMPTY_BODY = YES;
				CLANG_WARN_ENUM_CONVERSION = YES;
				CLANG_WARN_INFINITE_RECURSION = YES;
				CLANG_WARN_INT_CONVERSION = YES;
				CLANG_WARN_NON_LITERAL_NULL_CONVERSION = YES;
				CLANG_WARN_OBJC_IMPLICIT_RETAIN_SELF = YES;
				CLANG_WARN_OBJC_LITERAL_CONVERSION = YES;
				CLANG_WARN_OBJC_ROOT_CLASS = YES_ERROR;
				CLANG_WARN_QUOTED_INCLUDE_IN_FRAMEWORK_HEADER = YES;
				CLANG_WARN_RANGE_LOOP_ANALYSIS = YES;
				CLANG_WARN_STRICT_PROTOTYPES = YES;
				CLANG_WARN_SUSPICIOUS_MOVE = YES;
				CLANG_WARN_UNGUARDED_AVAILABILITY = YES_AGGRESSIVE;
				CLANG_WARN_UNREACHABLE_CODE = YES;
				CLANG_WARN__DUPLICATE_METHOD_MATCH = YES;
				COPY_PHASE_STRIP = NO;
				DEBUG_INFORMATION_FORMAT = dwarf;
				ENABLE_STRICT_OBJC_MSGSEND = YES;
				ENABLE_TESTABILITY = YES;
				ENABLE_USER_SCRIPT_SANDBOXING = YES;
				GCC_C_LANGUAGE_STANDARD = gnu17;
				GCC_DYNAMIC_NO_PIC = NO;
				GCC_NO_COMMON_BLOCKS = YES;
				GCC_OPTIMIZATION_LEVEL = 0;
				GCC_PREPROCESSOR_DEFINITIONS = (
					"DEBUG=1",
					"$(inherited)",
				);
				GCC_WARN_64_TO_32_BIT_CONVERSION = YES;
				GCC_WARN_ABOUT_RETURN_TYPE = YES_ERROR;
				GCC_WARN_UNDECLARED_SELECTOR = YES;
				GCC_WARN_UNINITIALIZED_AUTOS = YES_AGGRESSIVE;
				GCC_WARN_UNUSED_FUNCTION = YES;
				GCC_WARN_UNUSED_VARIABLE = YES;
				LOCALIZATION_PREFERS_STRING_CATALOGS = YES;
				MTL_ENABLE_DEBUG_INFO = INCLUDE_SOURCE;
				MTL_FAST_MATH = YES;
				ONLY_ACTIVE_ARCH = YES;
				SWIFT_ACTIVE_COMPILATION_CONDITIONS = "DEBUG $(inherited)";
				SWIFT_OPTIMIZATION_LEVEL = "-Onone";
			};
			name = Debug;
		};
		9CBBFBDB2C3AD6E200807F3E /* Release */ = {
			isa = XCBuildConfiguration;
			buildSettings = {
				ALWAYS_SEARCH_USER_PATHS = NO;
				ASSETCATALOG_COMPILER_GENERATE_SWIFT_ASSET_SYMBOL_EXTENSIONS = YES;
				CLANG_ANALYZER_NONNULL = YES;
				CLANG_ANALYZER_NUMBER_OBJECT_CONVERSION = YES_AGGRESSIVE;
				CLANG_CXX_LANGUAGE_STANDARD = "gnu++20";
				CLANG_ENABLE_MODULES = YES;
				CLANG_ENABLE_OBJC_ARC = YES;
				CLANG_ENABLE_OBJC_WEAK = YES;
				CLANG_WARN_BLOCK_CAPTURE_AUTORELEASING = YES;
				CLANG_WARN_BOOL_CONVERSION = YES;
				CLANG_WARN_COMMA = YES;
				CLANG_WARN_CONSTANT_CONVERSION = YES;
				CLANG_WARN_DEPRECATED_OBJC_IMPLEMENTATIONS = YES;
				CLANG_WARN_DIRECT_OBJC_ISA_USAGE = YES_ERROR;
				CLANG_WARN_DOCUMENTATION_COMMENTS = YES;
				CLANG_WARN_EMPTY_BODY = YES;
				CLANG_WARN_ENUM_CONVERSION = YES;
				CLANG_WARN_INFINITE_RECURSION = YES;
				CLANG_WARN_INT_CONVERSION = YES;
				CLANG_WARN_NON_LITERAL_NULL_CONVERSION = YES;
				CLANG_WARN_OBJC_IMPLICIT_RETAIN_SELF = YES;
				CLANG_WARN_OBJC_LITERAL_CONVERSION = YES;
				CLANG_WARN_OBJC_ROOT_CLASS = YES_ERROR;
				CLANG_WARN_QUOTED_INCLUDE_IN_FRAMEWORK_HEADER = YES;
				CLANG_WARN_RANGE_LOOP_ANALYSIS = YES;
				CLANG_WARN_STRICT_PROTOTYPES = YES;
				CLANG_WARN_SUSPICIOUS_MOVE = YES;
				CLANG_WARN_UNGUARDED_AVAILABILITY = YES_AGGRESSIVE;
				CLANG_WARN_UNREACHABLE_CODE = YES;
				CLANG_WARN__DUPLICATE_METHOD_MATCH = YES;
				COPY_PHASE_STRIP = NO;
				DEBUG_INFORMATION_FORMAT = "dwarf-with-dsym";
				ENABLE_NS_ASSERTIONS = NO;
				ENABLE_STRICT_OBJC_MSGSEND = YES;
				ENABLE_USER_SCRIPT_SANDBOXING = YES;
				GCC_C_LANGUAGE_STANDARD = gnu17;
				GCC_NO_COMMON_BLOCKS = YES;
				GCC_WARN_64_TO_32_BIT_CONVERSION = YES;
				GCC_WARN_ABOUT_RETURN_TYPE = YES_ERROR;
				GCC_WARN_UNDECLARED_SELECTOR = YES;
				GCC_WARN_UNINITIALIZED_AUTOS = YES_AGGRESSIVE;
				GCC_WARN_UNUSED_FUNCTION = YES;
				GCC_WARN_UNUSED_VARIABLE = YES;
				LOCALIZATION_PREFERS_STRING_CATALOGS = YES;
				MTL_ENABLE_DEBUG_INFO = NO;
				MTL_FAST_MATH = YES;
				SWIFT_COMPILATION_MODE = wholemodule;
			};
			name = Release;
		};
		9CBBFBDD2C3AD6E200807F3E /* Debug */ = {
			isa = XCBuildConfiguration;
			baseConfigurationReference = 0D4A966E4638053F2979ECC5 /* Pods-shieldApp.debug.xcconfig */;
			buildSettings = {
				ALWAYS_EMBED_SWIFT_STANDARD_LIBRARIES = YES;
				ASSETCATALOG_COMPILER_APPICON_NAME = AppIcon;
				ASSETCATALOG_COMPILER_GLOBAL_ACCENT_COLOR_NAME = AccentColor;
				CODE_SIGN_ENTITLEMENTS = shieldApp/shieldApp.entitlements;
				CODE_SIGN_STYLE = Automatic;
				CURRENT_PROJECT_VERSION = 1;
				DEVELOPMENT_ASSET_PATHS = "\"shieldApp/Preview Content\"";
				DEVELOPMENT_TEAM = 8HSC6WJMH6;
				ENABLE_HARDENED_RUNTIME = YES;
				ENABLE_PREVIEWS = YES;
				ENABLE_USER_SCRIPT_SANDBOXING = NO;
				GENERATE_INFOPLIST_FILE = YES;
				INFOPLIST_FILE = shieldApp/Info.plist;
				"INFOPLIST_KEY_UIApplicationSceneManifest_Generation[sdk=iphoneos*]" = YES;
				"INFOPLIST_KEY_UIApplicationSceneManifest_Generation[sdk=iphonesimulator*]" = YES;
				"INFOPLIST_KEY_UIApplicationSupportsIndirectInputEvents[sdk=iphoneos*]" = YES;
				"INFOPLIST_KEY_UIApplicationSupportsIndirectInputEvents[sdk=iphonesimulator*]" = YES;
				"INFOPLIST_KEY_UILaunchScreen_Generation[sdk=iphoneos*]" = YES;
				"INFOPLIST_KEY_UILaunchScreen_Generation[sdk=iphonesimulator*]" = YES;
				"INFOPLIST_KEY_UIStatusBarStyle[sdk=iphoneos*]" = UIStatusBarStyleDefault;
				"INFOPLIST_KEY_UIStatusBarStyle[sdk=iphonesimulator*]" = UIStatusBarStyleDefault;
				INFOPLIST_KEY_UISupportedInterfaceOrientations_iPad = "UIInterfaceOrientationPortrait UIInterfaceOrientationPortraitUpsideDown UIInterfaceOrientationLandscapeLeft UIInterfaceOrientationLandscapeRight";
				INFOPLIST_KEY_UISupportedInterfaceOrientations_iPhone = "UIInterfaceOrientationPortrait UIInterfaceOrientationLandscapeLeft UIInterfaceOrientationLandscapeRight";
				IPHONEOS_DEPLOYMENT_TARGET = 17.4;
				LD_RUNPATH_SEARCH_PATHS = "@executable_path/Frameworks";
				"LD_RUNPATH_SEARCH_PATHS[sdk=macosx*]" = "@executable_path/../Frameworks";
				MACOSX_DEPLOYMENT_TARGET = 14.4;
				MARKETING_VERSION = 1.0;
				PRODUCT_BUNDLE_IDENTIFIER = com.kazuma.miura.shieldApp;
				PRODUCT_NAME = "$(TARGET_NAME)";
				SDKROOT = auto;
				SUPPORTED_PLATFORMS = "iphoneos iphonesimulator macosx";
				SWIFT_EMIT_LOC_STRINGS = YES;
				SWIFT_VERSION = 5.0;
				TARGETED_DEVICE_FAMILY = "1,2";
			};
			name = Debug;
		};
		9CBBFBDE2C3AD6E200807F3E /* Release */ = {
			isa = XCBuildConfiguration;
			baseConfigurationReference = 9BE85F48E32C758D5B42C312 /* Pods-shieldApp.release.xcconfig */;
			buildSettings = {
				ALWAYS_EMBED_SWIFT_STANDARD_LIBRARIES = YES;
				ASSETCATALOG_COMPILER_APPICON_NAME = AppIcon;
				ASSETCATALOG_COMPILER_GLOBAL_ACCENT_COLOR_NAME = AccentColor;
				CODE_SIGN_ENTITLEMENTS = shieldApp/shieldApp.entitlements;
				CODE_SIGN_STYLE = Automatic;
				CURRENT_PROJECT_VERSION = 1;
				DEVELOPMENT_ASSET_PATHS = "\"shieldApp/Preview Content\"";
				DEVELOPMENT_TEAM = 8HSC6WJMH6;
				ENABLE_HARDENED_RUNTIME = YES;
				ENABLE_PREVIEWS = YES;
				ENABLE_USER_SCRIPT_SANDBOXING = NO;
				GENERATE_INFOPLIST_FILE = YES;
				INFOPLIST_FILE = shieldApp/Info.plist;
				"INFOPLIST_KEY_UIApplicationSceneManifest_Generation[sdk=iphoneos*]" = YES;
				"INFOPLIST_KEY_UIApplicationSceneManifest_Generation[sdk=iphonesimulator*]" = YES;
				"INFOPLIST_KEY_UIApplicationSupportsIndirectInputEvents[sdk=iphoneos*]" = YES;
				"INFOPLIST_KEY_UIApplicationSupportsIndirectInputEvents[sdk=iphonesimulator*]" = YES;
				"INFOPLIST_KEY_UILaunchScreen_Generation[sdk=iphoneos*]" = YES;
				"INFOPLIST_KEY_UILaunchScreen_Generation[sdk=iphonesimulator*]" = YES;
				"INFOPLIST_KEY_UIStatusBarStyle[sdk=iphoneos*]" = UIStatusBarStyleDefault;
				"INFOPLIST_KEY_UIStatusBarStyle[sdk=iphonesimulator*]" = UIStatusBarStyleDefault;
				INFOPLIST_KEY_UISupportedInterfaceOrientations_iPad = "UIInterfaceOrientationPortrait UIInterfaceOrientationPortraitUpsideDown UIInterfaceOrientationLandscapeLeft UIInterfaceOrientationLandscapeRight";
				INFOPLIST_KEY_UISupportedInterfaceOrientations_iPhone = "UIInterfaceOrientationPortrait UIInterfaceOrientationLandscapeLeft UIInterfaceOrientationLandscapeRight";
				IPHONEOS_DEPLOYMENT_TARGET = 17.4;
				LD_RUNPATH_SEARCH_PATHS = "@executable_path/Frameworks";
				"LD_RUNPATH_SEARCH_PATHS[sdk=macosx*]" = "@executable_path/../Frameworks";
				MACOSX_DEPLOYMENT_TARGET = 14.4;
				MARKETING_VERSION = 1.0;
				PRODUCT_BUNDLE_IDENTIFIER = com.kazuma.miura.shieldApp;
				PRODUCT_NAME = "$(TARGET_NAME)";
				SDKROOT = auto;
				SUPPORTED_PLATFORMS = "iphoneos iphonesimulator macosx";
				SWIFT_EMIT_LOC_STRINGS = YES;
				SWIFT_VERSION = 5.0;
				TARGETED_DEVICE_FAMILY = "1,2";
			};
			name = Release;
		};
		9CBBFBE02C3AD6E200807F3E /* Debug */ = {
			isa = XCBuildConfiguration;
			baseConfigurationReference = 3585C7615F29F86E3B64B154 /* Pods-shieldAppTests.debug.xcconfig */;
			buildSettings = {
				ALWAYS_EMBED_SWIFT_STANDARD_LIBRARIES = YES;
				BUNDLE_LOADER = "$(TEST_HOST)";
				CODE_SIGN_STYLE = Automatic;
				CURRENT_PROJECT_VERSION = 1;
				DEVELOPMENT_TEAM = 8HSC6WJMH6;
				GENERATE_INFOPLIST_FILE = YES;
				IPHONEOS_DEPLOYMENT_TARGET = 17.4;
				MACOSX_DEPLOYMENT_TARGET = 14.4;
				MARKETING_VERSION = 1.0;
				PRODUCT_BUNDLE_IDENTIFIER = kazuma.miura.shieldAppTests;
				PRODUCT_NAME = "$(TARGET_NAME)";
				SDKROOT = auto;
				SUPPORTED_PLATFORMS = "iphoneos iphonesimulator macosx";
				SWIFT_EMIT_LOC_STRINGS = NO;
				SWIFT_VERSION = 5.0;
				TARGETED_DEVICE_FAMILY = "1,2";
				TEST_HOST = "$(BUILT_PRODUCTS_DIR)/shieldApp.app/$(BUNDLE_EXECUTABLE_FOLDER_PATH)/shieldApp";
			};
			name = Debug;
		};
		9CBBFBE12C3AD6E200807F3E /* Release */ = {
			isa = XCBuildConfiguration;
			baseConfigurationReference = 8D8A161D31B4451901E9C82D /* Pods-shieldAppTests.release.xcconfig */;
			buildSettings = {
				ALWAYS_EMBED_SWIFT_STANDARD_LIBRARIES = YES;
				BUNDLE_LOADER = "$(TEST_HOST)";
				CODE_SIGN_STYLE = Automatic;
				CURRENT_PROJECT_VERSION = 1;
				DEVELOPMENT_TEAM = 8HSC6WJMH6;
				GENERATE_INFOPLIST_FILE = YES;
				IPHONEOS_DEPLOYMENT_TARGET = 17.4;
				MACOSX_DEPLOYMENT_TARGET = 14.4;
				MARKETING_VERSION = 1.0;
				PRODUCT_BUNDLE_IDENTIFIER = kazuma.miura.shieldAppTests;
				PRODUCT_NAME = "$(TARGET_NAME)";
				SDKROOT = auto;
				SUPPORTED_PLATFORMS = "iphoneos iphonesimulator macosx";
				SWIFT_EMIT_LOC_STRINGS = NO;
				SWIFT_VERSION = 5.0;
				TARGETED_DEVICE_FAMILY = "1,2";
				TEST_HOST = "$(BUILT_PRODUCTS_DIR)/shieldApp.app/$(BUNDLE_EXECUTABLE_FOLDER_PATH)/shieldApp";
			};
			name = Release;
		};
		9CBBFBE32C3AD6E200807F3E /* Debug */ = {
			isa = XCBuildConfiguration;
			baseConfigurationReference = EC4196F2A78CEBB4717AB231 /* Pods-shieldApp-shieldAppUITests.debug.xcconfig */;
			buildSettings = {
				ALWAYS_EMBED_SWIFT_STANDARD_LIBRARIES = YES;
				CODE_SIGN_STYLE = Automatic;
				CURRENT_PROJECT_VERSION = 1;
				DEVELOPMENT_TEAM = 8HSC6WJMH6;
				GENERATE_INFOPLIST_FILE = YES;
				IPHONEOS_DEPLOYMENT_TARGET = 17.4;
				MACOSX_DEPLOYMENT_TARGET = 14.4;
				MARKETING_VERSION = 1.0;
				PRODUCT_BUNDLE_IDENTIFIER = kazuma.miura.shieldAppUITests;
				PRODUCT_NAME = "$(TARGET_NAME)";
				SDKROOT = auto;
				SUPPORTED_PLATFORMS = "iphoneos iphonesimulator macosx";
				SWIFT_EMIT_LOC_STRINGS = NO;
				SWIFT_VERSION = 5.0;
				TARGETED_DEVICE_FAMILY = "1,2";
				TEST_TARGET_NAME = shieldApp;
			};
			name = Debug;
		};
		9CBBFBE42C3AD6E200807F3E /* Release */ = {
			isa = XCBuildConfiguration;
			baseConfigurationReference = 35FB80F6826EAA919F180127 /* Pods-shieldApp-shieldAppUITests.release.xcconfig */;
			buildSettings = {
				ALWAYS_EMBED_SWIFT_STANDARD_LIBRARIES = YES;
				CODE_SIGN_STYLE = Automatic;
				CURRENT_PROJECT_VERSION = 1;
				DEVELOPMENT_TEAM = 8HSC6WJMH6;
				GENERATE_INFOPLIST_FILE = YES;
				IPHONEOS_DEPLOYMENT_TARGET = 17.4;
				MACOSX_DEPLOYMENT_TARGET = 14.4;
				MARKETING_VERSION = 1.0;
				PRODUCT_BUNDLE_IDENTIFIER = kazuma.miura.shieldAppUITests;
				PRODUCT_NAME = "$(TARGET_NAME)";
				SDKROOT = auto;
				SUPPORTED_PLATFORMS = "iphoneos iphonesimulator macosx";
				SWIFT_EMIT_LOC_STRINGS = NO;
				SWIFT_VERSION = 5.0;
				TARGETED_DEVICE_FAMILY = "1,2";
				TEST_TARGET_NAME = shieldApp;
			};
			name = Release;
		};
/* End XCBuildConfiguration section */

/* Begin XCConfigurationList section */
		9C0D8D772C69043500613872 /* Build configuration list for PBXNativeTarget "ShieldConfiguration+" */ = {
			isa = XCConfigurationList;
			buildConfigurations = (
				9C0D8D782C69043500613872 /* Debug */,
				9C0D8D792C69043500613872 /* Release */,
			);
			defaultConfigurationIsVisible = 0;
			defaultConfigurationName = Release;
		};
		9CBBFBB22C3AD6E000807F3E /* Build configuration list for PBXProject "shieldApp" */ = {
			isa = XCConfigurationList;
			buildConfigurations = (
				9CBBFBDA2C3AD6E200807F3E /* Debug */,
				9CBBFBDB2C3AD6E200807F3E /* Release */,
			);
			defaultConfigurationIsVisible = 0;
			defaultConfigurationName = Release;
		};
		9CBBFBDC2C3AD6E200807F3E /* Build configuration list for PBXNativeTarget "shieldApp" */ = {
			isa = XCConfigurationList;
			buildConfigurations = (
				9CBBFBDD2C3AD6E200807F3E /* Debug */,
				9CBBFBDE2C3AD6E200807F3E /* Release */,
			);
			defaultConfigurationIsVisible = 0;
			defaultConfigurationName = Release;
		};
		9CBBFBDF2C3AD6E200807F3E /* Build configuration list for PBXNativeTarget "shieldAppTests" */ = {
			isa = XCConfigurationList;
			buildConfigurations = (
				9CBBFBE02C3AD6E200807F3E /* Debug */,
				9CBBFBE12C3AD6E200807F3E /* Release */,
			);
			defaultConfigurationIsVisible = 0;
			defaultConfigurationName = Release;
		};
		9CBBFBE22C3AD6E200807F3E /* Build configuration list for PBXNativeTarget "shieldAppUITests" */ = {
			isa = XCConfigurationList;
			buildConfigurations = (
				9CBBFBE32C3AD6E200807F3E /* Debug */,
				9CBBFBE42C3AD6E200807F3E /* Release */,
			);
			defaultConfigurationIsVisible = 0;
			defaultConfigurationName = Release;
		};
/* End XCConfigurationList section */
	};
	rootObject = 9CBBFBAF2C3AD6E000807F3E /* Project object */;
}
